<?xml version="1.0" encoding="utf-8"?>
<Project ToolsVersion="4.0" xmlns="http://schemas.microsoft.com/developer/msbuild/2003">
  <ItemGroup>
    <Filter Include="Stellar">
      <UniqueIdentifier>{1C75D80E-8854-57AA-916C-E280FDCABD0B}</UniqueIdentifier>
    </Filter>
    <Filter Include="Stellar\Core">
      <UniqueIdentifier>{F42A3346-E08D-C2EA-8913-FBA075558E6D}</UniqueIdentifier>
    </Filter>
    <Filter Include="Stellar\Events">
      <UniqueIdentifier>{80C9CBA4-6C97-BFAA-552B-30D141989B0F}</UniqueIdentifier>
    </Filter>
  </ItemGroup>
  <ItemGroup>
    <ClInclude Include="Source\Stellar.h" />
    <ClInclude Include="Source\Stellar\Application.h">
      <Filter>Stellar</Filter>
    </ClInclude>
    <ClInclude Include="Source\Stellar\Core\Core.h">
      <Filter>Stellar\Core</Filter>
    </ClInclude>
    <ClInclude Include="Source\Stellar\EntryPoint.h">
      <Filter>Stellar</Filter>
    </ClInclude>
    <ClInclude Include="Source\Stellar\Events\ApplicationEvent.h">
      <Filter>Stellar\Events</Filter>
    </ClInclude>
    <ClInclude Include="Source\Stellar\Events\Event.h">
      <Filter>Stellar\Events</Filter>
    </ClInclude>
    <ClInclude Include="Source\Stellar\Events\KeyEvent.h">
      <Filter>Stellar\Events</Filter>
    </ClInclude>
    <ClInclude Include="Source\Stellar\Events\MouseEvent.h">
      <Filter>Stellar\Events</Filter>
    </ClInclude>
    <ClInclude Include="Source\Stellar\Log.h">
      <Filter>Stellar</Filter>
    </ClInclude>
  </ItemGroup>
  <ItemGroup>
    <ClCompile Include="Source\Stellar\Application.cpp">
      <Filter>Stellar</Filter>
    </ClCompile>
    <ClCompile Include="Source\Stellar\Log.cpp">
      <Filter>Stellar</Filter>
    </ClCompile>
  </ItemGroup>
</Project>